Microsoft Visual Studio Solution File, Format Version 12.00
# Visual Studio Version 18
VisualStudioVersion = 18.0.11012.119 d18.0
MinimumVisualStudioVersion = 10.0.40219.1
Project("{2150E333-8FDC-42A3-9474-1A3956D46DE8}") = "test", "test", "{0C88DD14-F956-CE84-757C-A364CCF449FC}"
EndProject
Project("{FAE04EC0-301F-11D3-BF4B-00C04F79EFBC}") = "Brimborium.JSONLines.Tests", "test\Brimborium.JSONLines.Tests\Brimborium.JSONLines.Tests.csproj", "{983F26F1-0371-4610-992F-20334FEF82F6}"
EndProject
Project("{2150E333-8FDC-42A3-9474-1A3956D46DE8}") = "src", "src", "{827E0CD3-B72D-47B6-A68D-7590B98EB39B}"
EndProject
Project("{FAE04EC0-301F-11D3-BF4B-00C04F79EFBC}") = "Brimborium.JSONLines", "src\Brimborium.JSONLines\Brimborium.JSONLines.csproj", "{7EE348EC-7662-4C0E-929B-6339F935A2F3}"
EndProject
Project("{2150E333-8FDC-42A3-9474-1A3956D46DE8}") = "Solution items", "Solution items", "{702E3CF0-C043-4218-A2B2-AFDCFCE1238C}"
	ProjectSection(SolutionItems) = preProject
		.editorconfig = .editorconfig
		.gitignore = .gitignore
		Directory.Build.props = Directory.Build.props
		Directory.Packages.props = Directory.Packages.props
		global.json = global.json
		LICENSE = LICENSE
		README.md = README.md
	EndProjectSection
EndProject
Global
	GlobalSection(SolutionConfigurationPlatforms) = preSolution
		Debug|Any CPU = Debug|Any CPU
		Debug|x64 = Debug|x64
		Debug|x86 = Debug|x86
		Release|Any CPU = Release|Any CPU
		Release|x64 = Release|x64
		Release|x86 = Release|x86
	EndGlobalSection
	GlobalSection(ProjectConfigurationPlatforms) = postSolution
		{983F26F1-0371-4610-992F-20334FEF82F6}.Debug|Any CPU.ActiveCfg = Debug|Any CPU
		{983F26F1-0371-4610-992F-20334FEF82F6}.Debug|Any CPU.Build.0 = Debug|Any CPU
		{983F26F1-0371-4610-992F-20334FEF82F6}.Debug|x64.ActiveCfg = Debug|Any CPU
		{983F26F1-0371-4610-992F-20334FEF82F6}.Debug|x64.Build.0 = Debug|Any CPU
		{983F26F1-0371-4610-992F-20334FEF82F6}.Debug|x86.ActiveCfg = Debug|Any CPU
		{983F26F1-0371-4610-992F-20334FEF82F6}.Debug|x86.Build.0 = Debug|Any CPU
		{983F26F1-0371-4610-992F-20334FEF82F6}.Release|Any CPU.ActiveCfg = Release|Any CPU
		{983F26F1-0371-4610-992F-20334FEF82F6}.Release|Any CPU.Build.0 = Release|Any CPU
		{983F26F1-0371-4610-992F-20334FEF82F6}.Release|x64.ActiveCfg = Release|Any CPU
		{983F26F1-0371-4610-992F-20334FEF82F6}.Release|x64.Build.0 = Release|Any CPU
		{983F26F1-0371-4610-992F-20334FEF82F6}.Release|x86.ActiveCfg = Release|Any CPU
		{983F26F1-0371-4610-992F-20334FEF82F6}.Release|x86.Build.0 = Release|Any CPU
		{7EE348EC-7662-4C0E-929B-6339F935A2F3}.Debug|Any CPU.ActiveCfg = Debug|Any CPU
		{7EE348EC-7662-4C0E-929B-6339F935A2F3}.Debug|Any CPU.Build.0 = Debug|Any CPU
		{7EE348EC-7662-4C0E-929B-6339F935A2F3}.Debug|x64.ActiveCfg = Debug|Any CPU
		{7EE348EC-7662-4C0E-929B-6339F935A2F3}.Debug|x64.Build.0 = Debug|Any CPU
		{7EE348EC-7662-4C0E-929B-6339F935A2F3}.Debug|x86.ActiveCfg = Debug|Any CPU
		{7EE348EC-7662-4C0E-929B-6339F935A2F3}.Debug|x86.Build.0 = Debug|Any CPU
		{7EE348EC-7662-4C0E-929B-6339F935A2F3}.Release|Any CPU.ActiveCfg = Release|Any CPU
		{7EE348EC-7662-4C0E-929B-6339F935A2F3}.Release|Any CPU.Build.0 = Release|Any CPU
		{7EE348EC-7662-4C0E-929B-6339F935A2F3}.Release|x64.ActiveCfg = Release|Any CPU
		{7EE348EC-7662-4C0E-929B-6339F935A2F3}.Release|x64.Build.0 = Release|Any CPU
		{7EE348EC-7662-4C0E-929B-6339F935A2F3}.Release|x86.ActiveCfg = Release|Any CPU
		{7EE348EC-7662-4C0E-929B-6339F935A2F3}.Release|x86.Build.0 = Release|Any CPU
	EndGlobalSection
	GlobalSection(SolutionProperties) = preSolution
		HideSolutionNode = FALSE
	EndGlobalSection
	GlobalSection(NestedProjects) = preSolution
		{983F26F1-0371-4610-992F-20334FEF82F6} = {0C88DD14-F956-CE84-757C-A364CCF449FC}
		{7EE348EC-7662-4C0E-929B-6339F935A2F3} = {827E0CD3-B72D-47B6-A68D-7590B98EB39B}
	EndGlobalSection
	GlobalSection(ExtensibilityGlobals) = postSolution
		SolutionGuid = {63251010-30FC-4CB9-B3B5-543BAB0E01B8}
	EndGlobalSection
EndGlobal
